
Microsoft Visual Studio Solution File, Format Version 12.00
# Visual Studio Version 17
VisualStudioVersion = 17.14.36414.22
MinimumVisualStudioVersion = 10.0.40219.1
Project("{8BC9CEB8-8B4A-11D0-8D11-00A0C91BC942}") = "WindowsApplication1", "WindowsApplication1\WindowsApplication1.vcxproj", "{B2AB32B4-B592-4BC9-925E-4D7FB40E3627}"
EndProject
Project("{8BC9CEB8-8B4A-11D0-8D11-00A0C91BC942}") = "test", "test\test.vcxproj", "{0A80A930-4C49-4B38-84CF-72A2D933C9B8}"
EndProject
Project("{8BC9CEB8-8B4A-11D0-8D11-00A0C91BC942}") = "WindowsProject1", "WindowsProject1\WindowsProject1.vcxproj", "{909F9175-2EE7-4D29-AE53-36104831B785}"
EndProject
Global
	GlobalSection(SolutionConfigurationPlatforms) = preSolution
		Debug|Any CPU = Debug|Any CPU
		Debug|x64 = Debug|x64
		Debug|x86 = Debug|x86
		Release|Any CPU = Release|Any CPU
		Release|x64 = Release|x64
		Release|x86 = Release|x86
	EndGlobalSection
	GlobalSection(ProjectConfigurationPlatforms) = postSolution
		{B2AB32B4-B592-4BC9-925E-4D7FB40E3627}.Debug|Any CPU.ActiveCfg = Debug|x64
		{B2AB32B4-B592-4BC9-925E-4D7FB40E3627}.Debug|Any CPU.Build.0 = Debug|x64
		{B2AB32B4-B592-4BC9-925E-4D7FB40E3627}.Debug|x64.ActiveCfg = Debug|x64
		{B2AB32B4-B592-4BC9-925E-4D7FB40E3627}.Debug|x64.Build.0 = Debug|x64
		{B2AB32B4-B592-4BC9-925E-4D7FB40E3627}.Debug|x86.ActiveCfg = Debug|Win32
		{B2AB32B4-B592-4BC9-925E-4D7FB40E3627}.Debug|x86.Build.0 = Debug|Win32
		{B2AB32B4-B592-4BC9-925E-4D7FB40E3627}.Release|Any CPU.ActiveCfg = Release|x64
		{B2AB32B4-B592-4BC9-925E-4D7FB40E3627}.Release|Any CPU.Build.0 = Release|x64
		{B2AB32B4-B592-4BC9-925E-4D7FB40E3627}.Release|x64.ActiveCfg = Release|x64
		{B2AB32B4-B592-4BC9-925E-4D7FB40E3627}.Release|x64.Build.0 = Release|x64
		{B2AB32B4-B592-4BC9-925E-4D7FB40E3627}.Release|x86.ActiveCfg = Release|Win32
		{B2AB32B4-B592-4BC9-925E-4D7FB40E3627}.Release|x86.Build.0 = Release|Win32
		{0A80A930-4C49-4B38-84CF-72A2D933C9B8}.Debug|Any CPU.ActiveCfg = Debug|x64
		{0A80A930-4C49-4B38-84CF-72A2D933C9B8}.Debug|Any CPU.Build.0 = Debug|x64
		{0A80A930-4C49-4B38-84CF-72A2D933C9B8}.Debug|x64.ActiveCfg = Debug|x64
		{0A80A930-4C49-4B38-84CF-72A2D933C9B8}.Debug|x64.Build.0 = Debug|x64
		{0A80A930-4C49-4B38-84CF-72A2D933C9B8}.Debug|x86.ActiveCfg = Debug|Win32
		{0A80A930-4C49-4B38-84CF-72A2D933C9B8}.Debug|x86.Build.0 = Debug|Win32
		{0A80A930-4C49-4B38-84CF-72A2D933C9B8}.Release|Any CPU.ActiveCfg = Release|x64
		{0A80A930-4C49-4B38-84CF-72A2D933C9B8}.Release|Any CPU.Build.0 = Release|x64
		{0A80A930-4C49-4B38-84CF-72A2D933C9B8}.Release|x64.ActiveCfg = Release|x64
		{0A80A930-4C49-4B38-84CF-72A2D933C9B8}.Release|x64.Build.0 = Release|x64
		{0A80A930-4C49-4B38-84CF-72A2D933C9B8}.Release|x86.ActiveCfg = Release|Win32
		{0A80A930-4C49-4B38-84CF-72A2D933C9B8}.Release|x86.Build.0 = Release|Win32
		{909F9175-2EE7-4D29-AE53-36104831B785}.Debug|Any CPU.ActiveCfg = Debug|x64
		{909F9175-2EE7-4D29-AE53-36104831B785}.Debug|Any CPU.Build.0 = Debug|x64
		{909F9175-2EE7-4D29-AE53-36104831B785}.Debug|x64.ActiveCfg = Debug|x64
		{909F9175-2EE7-4D29-AE53-36104831B785}.Debug|x64.Build.0 = Debug|x64
		{909F9175-2EE7-4D29-AE53-36104831B785}.Debug|x86.ActiveCfg = Debug|Win32
		{909F9175-2EE7-4D29-AE53-36104831B785}.Debug|x86.Build.0 = Debug|Win32
		{909F9175-2EE7-4D29-AE53-36104831B785}.Release|Any CPU.ActiveCfg = Release|x64
		{909F9175-2EE7-4D29-AE53-36104831B785}.Release|Any CPU.Build.0 = Release|x64
		{909F9175-2EE7-4D29-AE53-36104831B785}.Release|x64.ActiveCfg = Release|x64
		{909F9175-2EE7-4D29-AE53-36104831B785}.Release|x64.Build.0 = Release|x64
		{909F9175-2EE7-4D29-AE53-36104831B785}.Release|x86.ActiveCfg = Release|Win32
		{909F9175-2EE7-4D29-AE53-36104831B785}.Release|x86.Build.0 = Release|Win32
	EndGlobalSection
	GlobalSection(SolutionProperties) = preSolution
		HideSolutionNode = FALSE
	EndGlobalSection
	GlobalSection(ExtensibilityGlobals) = postSolution
		SolutionGuid = {7B4BC0D4-1A3A-4804-977D-235ED6BF0306}
	EndGlobalSection
EndGlobal
